
Microsoft Visual Studio Solution File, Format Version 12.00
# Visual Studio 2013
VisualStudioVersion = 12.0.21005.1
MinimumVisualStudioVersion = 10.0.40219.1
Project("{FAE04EC0-301F-11D3-BF4B-00C04F79EFBC}") = "PM", "PM.csproj", "{D37C3772-7FB1-40CA-9E28-80BCB49AB258}"
EndProject
Project("{FAE04EC0-301F-11D3-BF4B-00C04F79EFBC}") = "Dev", "..\Dev\Dev.csproj", "{AACF1499-47F2-44AF-A76A-ED5F6394EF81}"
EndProject
Project("{FAE04EC0-301F-11D3-BF4B-00C04F79EFBC}") = "AppBase", "..\AppBase\AppBase.csproj", "{1B4406F2-5E3F-46B0-8637-B98EC97721C5}"
EndProject
Project("{FAE04EC0-301F-11D3-BF4B-00C04F79EFBC}") = "AppDAC", "..\AppDAC\AppDAC.csproj", "{69748DEA-4722-4A77-9621-27D8B7E499F9}"
EndProject
Project("{FAE04EC0-301F-11D3-BF4B-00C04F79EFBC}") = "AppEngine", "..\AppEngine\AppEngine.csproj", "{0901DE8C-C9C7-415B-8242-20005E5E9308}"
EndProject
Project("{FAE04EC0-301F-11D3-BF4B-00C04F79EFBC}") = "AppMail", "..\AppMail\AppMail.csproj", "{091E35EB-315D-4506-875C-1755D6288ABB}"
EndProject
Project("{FAE04EC0-301F-11D3-BF4B-00C04F79EFBC}") = "AppModel", "..\AppModel\AppModel.csproj", "{EE08C17A-D4A2-4C6C-8EE6-9DC3D5456B2D}"
EndProject
Project("{FAE04EC0-301F-11D3-BF4B-00C04F79EFBC}") = "Common", "..\Common\Common.csproj", "{A60D3811-E630-4DBC-ADD5-138B6DA12BA8}"
EndProject
Project("{FAE04EC0-301F-11D3-BF4B-00C04F79EFBC}") = "DataAccess", "..\DataAccess\DataAccess.csproj", "{10CBC630-8B98-4EF3-981D-8F5B1737823D}"
EndProject
Project("{FAE04EC0-301F-11D3-BF4B-00C04F79EFBC}") = "Interface", "..\Interface\Interface.csproj", "{66A3DCDE-82AC-45DF-A2FA-72C5884BD48E}"
EndProject
Project("{FAE04EC0-301F-11D3-BF4B-00C04F79EFBC}") = "Mobile", "..\Mobile\Mobile.csproj", "{C325A242-CC7F-40F6-9432-617825CD7B2B}"
EndProject
Project("{FAE04EC0-301F-11D3-BF4B-00C04F79EFBC}") = "WebBase", "..\WebBase\WebBase.csproj", "{A957EE37-913A-4F8D-BACF-19E47C571F15}"
EndProject
Project("{FAE04EC0-301F-11D3-BF4B-00C04F79EFBC}") = "WorkFlow", "..\WorkFlow\WorkFlow.csproj", "{EDFD3790-C430-4509-AEA0-4E06351CCA0C}"
EndProject
Project("{FAE04EC0-301F-11D3-BF4B-00C04F79EFBC}") = "Permission", "..\Permission\Permission.csproj", "{96A7FA23-400F-4CF9-9084-B8C33CC93FB7}"
EndProject
Global
	GlobalSection(SolutionConfigurationPlatforms) = preSolution
		Debug|Any CPU = Debug|Any CPU
		Release|Any CPU = Release|Any CPU
	EndGlobalSection
	GlobalSection(ProjectConfigurationPlatforms) = postSolution
		{D37C3772-7FB1-40CA-9E28-80BCB49AB258}.Debug|Any CPU.ActiveCfg = Debug|Any CPU
		{D37C3772-7FB1-40CA-9E28-80BCB49AB258}.Debug|Any CPU.Build.0 = Debug|Any CPU
		{D37C3772-7FB1-40CA-9E28-80BCB49AB258}.Release|Any CPU.ActiveCfg = Release|Any CPU
		{D37C3772-7FB1-40CA-9E28-80BCB49AB258}.Release|Any CPU.Build.0 = Release|Any CPU
		{AACF1499-47F2-44AF-A76A-ED5F6394EF81}.Debug|Any CPU.ActiveCfg = Debug|Any CPU
		{AACF1499-47F2-44AF-A76A-ED5F6394EF81}.Debug|Any CPU.Build.0 = Debug|Any CPU
		{AACF1499-47F2-44AF-A76A-ED5F6394EF81}.Release|Any CPU.ActiveCfg = Release|Any CPU
		{AACF1499-47F2-44AF-A76A-ED5F6394EF81}.Release|Any CPU.Build.0 = Release|Any CPU
		{1B4406F2-5E3F-46B0-8637-B98EC97721C5}.Debug|Any CPU.ActiveCfg = Debug|Any CPU
		{1B4406F2-5E3F-46B0-8637-B98EC97721C5}.Debug|Any CPU.Build.0 = Debug|Any CPU
		{1B4406F2-5E3F-46B0-8637-B98EC97721C5}.Release|Any CPU.ActiveCfg = Release|Any CPU
		{1B4406F2-5E3F-46B0-8637-B98EC97721C5}.Release|Any CPU.Build.0 = Release|Any CPU
		{69748DEA-4722-4A77-9621-27D8B7E499F9}.Debug|Any CPU.ActiveCfg = Debug|Any CPU
		{69748DEA-4722-4A77-9621-27D8B7E499F9}.Debug|Any CPU.Build.0 = Debug|Any CPU
		{69748DEA-4722-4A77-9621-27D8B7E499F9}.Release|Any CPU.ActiveCfg = Release|Any CPU
		{69748DEA-4722-4A77-9621-27D8B7E499F9}.Release|Any CPU.Build.0 = Release|Any CPU
		{0901DE8C-C9C7-415B-8242-20005E5E9308}.Debug|Any CPU.ActiveCfg = Debug|Any CPU
		{0901DE8C-C9C7-415B-8242-20005E5E9308}.Debug|Any CPU.Build.0 = Debug|Any CPU
		{0901DE8C-C9C7-415B-8242-20005E5E9308}.Release|Any CPU.ActiveCfg = Release|Any CPU
		{0901DE8C-C9C7-415B-8242-20005E5E9308}.Release|Any CPU.Build.0 = Release|Any CPU
		{091E35EB-315D-4506-875C-1755D6288ABB}.Debug|Any CPU.ActiveCfg = Debug|Any CPU
		{091E35EB-315D-4506-875C-1755D6288ABB}.Debug|Any CPU.Build.0 = Debug|Any CPU
		{091E35EB-315D-4506-875C-1755D6288ABB}.Release|Any CPU.ActiveCfg = Release|Any CPU
		{091E35EB-315D-4506-875C-1755D6288ABB}.Release|Any CPU.Build.0 = Release|Any CPU
		{EE08C17A-D4A2-4C6C-8EE6-9DC3D5456B2D}.Debug|Any CPU.ActiveCfg = Debug|Any CPU
		{EE08C17A-D4A2-4C6C-8EE6-9DC3D5456B2D}.Debug|Any CPU.Build.0 = Debug|Any CPU
		{EE08C17A-D4A2-4C6C-8EE6-9DC3D5456B2D}.Release|Any CPU.ActiveCfg = Release|Any CPU
		{EE08C17A-D4A2-4C6C-8EE6-9DC3D5456B2D}.Release|Any CPU.Build.0 = Release|Any CPU
		{A60D3811-E630-4DBC-ADD5-138B6DA12BA8}.Debug|Any CPU.ActiveCfg = Debug|Any CPU
		{A60D3811-E630-4DBC-ADD5-138B6DA12BA8}.Debug|Any CPU.Build.0 = Debug|Any CPU
		{A60D3811-E630-4DBC-ADD5-138B6DA12BA8}.Release|Any CPU.ActiveCfg = Release|Any CPU
		{A60D3811-E630-4DBC-ADD5-138B6DA12BA8}.Release|Any CPU.Build.0 = Release|Any CPU
		{10CBC630-8B98-4EF3-981D-8F5B1737823D}.Debug|Any CPU.ActiveCfg = Debug|Any CPU
		{10CBC630-8B98-4EF3-981D-8F5B1737823D}.Debug|Any CPU.Build.0 = Debug|Any CPU
		{10CBC630-8B98-4EF3-981D-8F5B1737823D}.Release|Any CPU.ActiveCfg = Release|Any CPU
		{10CBC630-8B98-4EF3-981D-8F5B1737823D}.Release|Any CPU.Build.0 = Release|Any CPU
		{66A3DCDE-82AC-45DF-A2FA-72C5884BD48E}.Debug|Any CPU.ActiveCfg = Debug|Any CPU
		{66A3DCDE-82AC-45DF-A2FA-72C5884BD48E}.Debug|Any CPU.Build.0 = Debug|Any CPU
		{66A3DCDE-82AC-45DF-A2FA-72C5884BD48E}.Release|Any CPU.ActiveCfg = Release|Any CPU
		{66A3DCDE-82AC-45DF-A2FA-72C5884BD48E}.Release|Any CPU.Build.0 = Release|Any CPU
		{C325A242-CC7F-40F6-9432-617825CD7B2B}.Debug|Any CPU.ActiveCfg = Debug|Any CPU
		{C325A242-CC7F-40F6-9432-617825CD7B2B}.Debug|Any CPU.Build.0 = Debug|Any CPU
		{C325A242-CC7F-40F6-9432-617825CD7B2B}.Release|Any CPU.ActiveCfg = Release|Any CPU
		{C325A242-CC7F-40F6-9432-617825CD7B2B}.Release|Any CPU.Build.0 = Release|Any CPU
		{A957EE37-913A-4F8D-BACF-19E47C571F15}.Debug|Any CPU.ActiveCfg = Debug|Any CPU
		{A957EE37-913A-4F8D-BACF-19E47C571F15}.Debug|Any CPU.Build.0 = Debug|Any CPU
		{A957EE37-913A-4F8D-BACF-19E47C571F15}.Release|Any CPU.ActiveCfg = Release|Any CPU
		{A957EE37-913A-4F8D-BACF-19E47C571F15}.Release|Any CPU.Build.0 = Release|Any CPU
		{EDFD3790-C430-4509-AEA0-4E06351CCA0C}.Debug|Any CPU.ActiveCfg = Debug|Any CPU
		{EDFD3790-C430-4509-AEA0-4E06351CCA0C}.Debug|Any CPU.Build.0 = Debug|Any CPU
		{EDFD3790-C430-4509-AEA0-4E06351CCA0C}.Release|Any CPU.ActiveCfg = Release|Any CPU
		{EDFD3790-C430-4509-AEA0-4E06351CCA0C}.Release|Any CPU.Build.0 = Release|Any CPU
		{96A7FA23-400F-4CF9-9084-B8C33CC93FB7}.Debug|Any CPU.ActiveCfg = Debug|Any CPU
		{96A7FA23-400F-4CF9-9084-B8C33CC93FB7}.Debug|Any CPU.Build.0 = Debug|Any CPU
		{96A7FA23-400F-4CF9-9084-B8C33CC93FB7}.Release|Any CPU.ActiveCfg = Release|Any CPU
		{96A7FA23-400F-4CF9-9084-B8C33CC93FB7}.Release|Any CPU.Build.0 = Release|Any CPU
	EndGlobalSection
	GlobalSection(SolutionProperties) = preSolution
		HideSolutionNode = FALSE
	EndGlobalSection
EndGlobal
